
Microsoft Visual Studio Solution File, Format Version 12.00
# Visual Studio Version 17
VisualStudioVersion = 17.2.32519.379
MinimumVisualStudioVersion = 10.0.40219.1
Project("{FAE04EC0-301F-11D3-BF4B-00C04F79EFBC}") = "SerwisFilmowy", "SerwisFilmowy\SerwisFilmowy.csproj", "{50394F71-3429-4324-9C62-FA06ACB2E323}"
EndProject
Global
	GlobalSection(SolutionConfigurationPlatforms) = preSolution
		Debug|Any CPU = Debug|Any CPU
		Release|Any CPU = Release|Any CPU
	EndGlobalSection
	GlobalSection(ProjectConfigurationPlatforms) = postSolution
		{50394F71-3429-4324-9C62-FA06ACB2E323}.Debug|Any CPU.ActiveCfg = Debug|Any CPU
		{50394F71-3429-4324-9C62-FA06ACB2E323}.Debug|Any CPU.Build.0 = Debug|Any CPU
		{50394F71-3429-4324-9C62-FA06ACB2E323}.Release|Any CPU.ActiveCfg = Release|Any CPU
		{50394F71-3429-4324-9C62-FA06ACB2E323}.Release|Any CPU.Build.0 = Release|Any CPU
	EndGlobalSection
	GlobalSection(SolutionProperties) = preSolution
		HideSolutionNode = FALSE
	EndGlobalSection
	GlobalSection(ExtensibilityGlobals) = postSolution
		SolutionGuid = {7C8BFC75-9A82-451A-8172-813B6AB442E3}
	EndGlobalSection
EndGlobal
